# This file is automatically @generated by Cargo.
# It is not intended for manual editing.
version = 4

[[package]]
name = "verdant-app"
version = "0.1.0"
dependencies = [
 "verdant-render",
 "verdant-sim",
]

[[package]]
name = "verdant-render"
version = "0.1.0"
dependencies = [
 "verdant-sim",
]

[[package]]
name = "verdant-sim"
version = "0.1.0"
